
Microsoft Visual Studio Solution File, Format Version 12.00
# Visual Studio Version 17
VisualStudioVersion = 17.5.33530.505
MinimumVisualStudioVersion = 10.0.40219.1
Project("{FAE04EC0-301F-11D3-BF4B-00C04F79EFBC}") = "MyBanker", "myBanker\MyBanker.csproj", "{3F726B6E-A70D-4427-8044-BD16C49E4316}"
EndProject
Global
	GlobalSection(SolutionConfigurationPlatforms) = preSolution
		Debug|Any CPU = Debug|Any CPU
		Release|Any CPU = Release|Any CPU
	EndGlobalSection
	GlobalSection(ProjectConfigurationPlatforms) = postSolution
		{3F726B6E-A70D-4427-8044-BD16C49E4316}.Debug|Any CPU.ActiveCfg = Debug|Any CPU
		{3F726B6E-A70D-4427-8044-BD16C49E4316}.Debug|Any CPU.Build.0 = Debug|Any CPU
		{3F726B6E-A70D-4427-8044-BD16C49E4316}.Release|Any CPU.ActiveCfg = Release|Any CPU
		{3F726B6E-A70D-4427-8044-BD16C49E4316}.Release|Any CPU.Build.0 = Release|Any CPU
	EndGlobalSection
	GlobalSection(SolutionProperties) = preSolution
		HideSolutionNode = FALSE
	EndGlobalSection
	GlobalSection(ExtensibilityGlobals) = postSolution
		SolutionGuid = {F524AEE6-AE4B-4E01-A036-58880D57F937}
	EndGlobalSection
EndGlobal
